
Microsoft Visual Studio Solution File, Format Version 12.00
# Visual Studio Version 17
VisualStudioVersion = 17.2.32630.192
MinimumVisualStudioVersion = 10.0.40219.1
Project("{FAE04EC0-301F-11D3-BF4B-00C04F79EFBC}") = "KKTIX", "KKTIX\KKTIX.csproj", "{9EE6ADE1-C98E-4146-AFDA-428F323E8807}"
EndProject
Global
	GlobalSection(SolutionConfigurationPlatforms) = preSolution
		Debug|Any CPU = Debug|Any CPU
		Release|Any CPU = Release|Any CPU
	EndGlobalSection
	GlobalSection(ProjectConfigurationPlatforms) = postSolution
		{9EE6ADE1-C98E-4146-AFDA-428F323E8807}.Debug|Any CPU.ActiveCfg = Debug|Any CPU
		{9EE6ADE1-C98E-4146-AFDA-428F323E8807}.Debug|Any CPU.Build.0 = Debug|Any CPU
		{9EE6ADE1-C98E-4146-AFDA-428F323E8807}.Release|Any CPU.ActiveCfg = Release|Any CPU
		{9EE6ADE1-C98E-4146-AFDA-428F323E8807}.Release|Any CPU.Build.0 = Release|Any CPU
	EndGlobalSection
	GlobalSection(SolutionProperties) = preSolution
		HideSolutionNode = FALSE
	EndGlobalSection
	GlobalSection(ExtensibilityGlobals) = postSolution
		SolutionGuid = {437BD8D5-51E3-4BE9-9749-15ACA50380CA}
	EndGlobalSection
EndGlobal
