
Microsoft Visual Studio Solution File, Format Version 12.00
# Visual Studio Version 17
VisualStudioVersion = 17.2.32630.192
MinimumVisualStudioVersion = 10.0.40219.1
Project("{9A19103F-16F7-4668-BE54-9A1E7A4F7556}") = "KKTIX", "KKTIX.csproj", "{F885737D-4223-42A6-BB37-1BB2774A7EAF}"
EndProject
Global
	GlobalSection(SolutionConfigurationPlatforms) = preSolution
		Debug|Any CPU = Debug|Any CPU
		Release|Any CPU = Release|Any CPU
	EndGlobalSection
	GlobalSection(ProjectConfigurationPlatforms) = postSolution
		{F885737D-4223-42A6-BB37-1BB2774A7EAF}.Debug|Any CPU.ActiveCfg = Debug|Any CPU
		{F885737D-4223-42A6-BB37-1BB2774A7EAF}.Debug|Any CPU.Build.0 = Debug|Any CPU
		{F885737D-4223-42A6-BB37-1BB2774A7EAF}.Release|Any CPU.ActiveCfg = Release|Any CPU
		{F885737D-4223-42A6-BB37-1BB2774A7EAF}.Release|Any CPU.Build.0 = Release|Any CPU
	EndGlobalSection
	GlobalSection(SolutionProperties) = preSolution
		HideSolutionNode = FALSE
	EndGlobalSection
	GlobalSection(ExtensibilityGlobals) = postSolution
		SolutionGuid = {437BD8D5-51E3-4BE9-9749-15ACA50380CA}
	EndGlobalSection
EndGlobal
